// !$*UTF8*$!
{
	archiveVersion = 1;
	classes = {
	};
	objectVersion = 46;
	objects = {

/* Begin PBXBuildFile section */
		CD226CBA1B578ED9006897BE /* AppDelegate.swift in Sources */ = {isa = PBXBuildFile; fileRef = CD226CB91B578ED9006897BE /* AppDelegate.swift */; };
		CD226CBC1B578ED9006897BE /* ViewController.swift in Sources */ = {isa = PBXBuildFile; fileRef = CD226CBB1B578ED9006897BE /* ViewController.swift */; };
		CD226CBF1B578ED9006897BE /* Main.storyboard in Resources */ = {isa = PBXBuildFile; fileRef = CD226CBD1B578ED9006897BE /* Main.storyboard */; };
		CD226CC11B578ED9006897BE /* Images.xcassets in Resources */ = {isa = PBXBuildFile; fileRef = CD226CC01B578ED9006897BE /* Images.xcassets */; };
		CD226CC41B578ED9006897BE /* LaunchScreen.xib in Resources */ = {isa = PBXBuildFile; fileRef = CD226CC21B578ED9006897BE /* LaunchScreen.xib */; };
		CD226CD01B578ED9006897BE /* ViewSegueTestTests.swift in Sources */ = {isa = PBXBuildFile; fileRef = CD226CCF1B578ED9006897BE /* ViewSegueTestTests.swift */; };
/* End PBXBuildFile section */

/* Begin PBXContainerItemProxy section */
		CD226CCA1B578ED9006897BE /* PBXContainerItemProxy */ = {
			isa = PBXContainerItemProxy;
			containerPortal = CD226CAC1B578ED9006897BE /* Project object */;
			proxyType = 1;
			remoteGlobalIDString = CD226CB31B578ED9006897BE;
			remoteInfo = ViewSegueTest;
		};
/* End PBXContainerItemProxy section */

/* Begin PBXFileReference section */
		CD226CB41B578ED9006897BE /* ViewSegueTest.app */ = {isa = PBXFileReference; explicitFileType = wrapper.application; includeInIndex = 0; path = ViewSegueTest.app; sourceTree = BUILT_PRODUCTS_DIR; };
		CD226CB81B578ED9006897BE /* Info.plist */ = {isa = PBXFileReference; lastKnownFileType = text.plist.xml; path = Info.plist; sourceTree = "<group>"; };
		CD226CB91B578ED9006897BE /* AppDelegate.swift */ = {isa = PBXFileReference; lastKnownFileType = sourcecode.swift; path = AppDelegate.swift; sourceTree = "<group>"; };
		CD226CBB1B578ED9006897BE /* ViewController.swift */ = {isa = PBXFileReference; lastKnownFileType = sourcecode.swift; path = ViewController.swift; sourceTree = "<group>"; };
		CD226CBE1B578ED9006897BE /* Base */ = {isa = PBXFileReference; lastKnownFileType = file.storyboard; name = Base; path = Base.lproj/Main.storyboard; sourceTree = "<group>"; };
		CD226CC01B578ED9006897BE /* Images.xcassets */ = {isa = PBXFileReference; lastKnownFileType = folder.assetcatalog; path = Images.xcassets; sourceTree = "<group>"; };
		CD226CC31B578ED9006897BE /* Base */ = {isa = PBXFileReference; lastKnownFileType = file.xib; name = Base; path = Base.lproj/LaunchScreen.xib; sourceTree = "<group>"; };
		CD226CC91B578ED9006897BE /* ViewSegueTestTests.xctest */ = {isa = PBXFileReference; explicitFileType = wrapper.cfbundle; includeInIndex = 0; path = ViewSegueTestTests.xctest; sourceTree = BUILT_PRODUCTS_DIR; };
		CD226CCE1B578ED9006897BE /* Info.plist */ = {isa = PBXFileReference; lastKnownFileType = text.plist.xml; path = Info.plist; sourceTree = "<group>"; };
		CD226CCF1B578ED9006897BE /* ViewSegueTestTests.swift */ = {isa = PBXFileReference; lastKnownFileType = sourcecode.swift; path = ViewSegueTestTests.swift; sourceTree = "<group>"; };
/* End PBXFileReference section */

/* Begin PBXFrameworksBuildPhase section */
		CD226CB11B578ED9006897BE /* Frameworks */ = {
			isa = PBXFrameworksBuildPhase;
			buildActionMask = 2147483647;
			files = (
			);
			runOnlyForDeploymentPostprocessing = 0;
		};
		CD226CC61B578ED9006897BE /* Frameworks */ = {
			isa = PBXFrameworksBuildPhase;
			buildActionMask = 2147483647;
			files = (
			);
			runOnlyForDeploymentPostprocessing = 0;
		};
/* End PBXFrameworksBuildPhase section */

/* Begin PBXGroup section */
		CD226CAB1B578ED9006897BE = {
			isa = PBXGroup;
			children = (
				CD226CB61B578ED9006897BE /* ViewSegueTest */,
				CD226CCC1B578ED9006897BE /* ViewSegueTestTests */,
				CD226CB51B578ED9006897BE /* Products */,
			);
			sourceTree = "<group>";
		};
		CD226CB51B578ED9006897BE /* Products */ = {
			isa = PBXGroup;
			children = (
				CD226CB41B578ED9006897BE /* ViewSegueTest.app */,
				CD226CC91B578ED9006897BE /* ViewSegueTestTests.xctest */,
			);
			name = Products;
			sourceTree = "<group>";
		};
		CD226CB61B578ED9006897BE /* ViewSegueTest */ = {
			isa = PBXGroup;
			children = (
				CD226CB91B578ED9006897BE /* AppDelegate.swift */,
				CD226CBB1B578ED9006897BE /* ViewController.swift */,
				CD226CBD1B578ED9006897BE /* Main.storyboard */,
				CD226CC01B578ED9006897BE /* Images.xcassets */,
				CD226CC21B578ED9006897BE /* LaunchScreen.xib */,
				CD226CB71B578ED9006897BE /* Supporting Files */,
			);
			path = ViewSegueTest;
			sourceTree = "<group>";
		};
		CD226CB71B578ED9006897BE /* Supporting Files */ = {
			isa = PBXGroup;
			children = (
				CD226CB81B578ED9006897BE /* Info.plist */,
			);
			name = "Supporting Files";
			sourceTree = "<group>";
		};
		CD226CCC1B578ED9006897BE /* ViewSegueTestTests */ = {
			isa = PBXGroup;
			children = (
				CD226CCF1B578ED9006897BE /* ViewSegueTestTests.swift */,
				CD226CCD1B578ED9006897BE /* Supporting Files */,
			);
			path = ViewSegueTestTests;
			sourceTree = "<group>";
		};
		CD226CCD1B578ED9006897BE /* Supporting Files */ = {
			isa = PBXGroup;
			children = (
				CD226CCE1B578ED9006897BE /* Info.plist */,
			);
			name = "Supporting Files";
			sourceTree = "<group>";
		};
/* End PBXGroup section */

/* Begin PBXNativeTarget section */
		CD226CB31B578ED9006897BE /* ViewSegueTest */ = {
			isa = PBXNativeTarget;
			buildConfigurationList = CD226CD31B578ED9006897BE /* Build configuration list for PBXNativeTarget "ViewSegueTest" */;
			buildPhases = (
				CD226CB01B578ED9006897BE /* Sources */,
				CD226CB11B578ED9006897BE /* Frameworks */,
				CD226CB21B578ED9006897BE /* Resources */,
			);
			buildRules = (
			);
			dependencies = (
			);
			name = ViewSegueTest;
			productName = ViewSegueTest;
			productReference = CD226CB41B578ED9006897BE /* ViewSegueTest.app */;
			productType = "com.apple.product-type.application";
		};
		CD226CC81B578ED9006897BE /* ViewSegueTestTests */ = {
			isa = PBXNativeTarget;
			buildConfigurationList = CD226CD61B578ED9006897BE /* Build configuration list for PBXNativeTarget "ViewSegueTestTests" */;
			buildPhases = (
				CD226CC51B578ED9006897BE /* Sources */,
				CD226CC61B578ED9006897BE /* Frameworks */,
				CD226CC71B578ED9006897BE /* Resources */,
			);
			buildRules = (
			);
			dependencies = (
				CD226CCB1B578ED9006897BE /* PBXTargetDependency */,
			);
			name = ViewSegueTestTests;
			productName = ViewSegueTestTests;
			productReference = CD226CC91B578ED9006897BE /* ViewSegueTestTests.xctest */;
			productType = "com.apple.product-type.bundle.unit-test";
		};
/* End PBXNativeTarget section */

/* Begin PBXProject section */
		CD226CAC1B578ED9006897BE /* Project object */ = {
			isa = PBXProject;
			attributes = {
				LastUpgradeCheck = 0640;
				ORGANIZATIONNAME = astrotom;
				TargetAttributes = {
					CD226CB31B578ED9006897BE = {
						CreatedOnToolsVersion = 6.4;
					};
					CD226CC81B578ED9006897BE = {
						CreatedOnToolsVersion = 6.4;
						TestTargetID = CD226CB31B578ED9006897BE;
					};
				};
			};
			buildConfigurationList = CD226CAF1B578ED9006897BE /* Build configuration list for PBXProject "ViewSegueTest" */;
			compatibilityVersion = "Xcode 3.2";
			developmentRegion = English;
			hasScannedForEncodings = 0;
			knownRegions = (
				en,
				Base,
			);
			mainGroup = CD226CAB1B578ED9006897BE;
			productRefGroup = CD226CB51B578ED9006897BE /* Products */;
			projectDirPath = "";
			projectRoot = "";
			targets = (
				CD226CB31B578ED9006897BE /* ViewSegueTest */,
				CD226CC81B578ED9006897BE /* ViewSegueTestTests */,
			);
		};
/* End PBXProject section */

/* Begin PBXResourcesBuildPhase section */
		CD226CB21B578ED9006897BE /* Resources */ = {
			isa = PBXResourcesBuildPhase;
			buildActionMask = 2147483647;
			files = (
				CD226CBF1B578ED9006897BE /* Main.storyboard in Resources */,
				CD226CC41B578ED9006897BE /* LaunchScreen.xib in Resources */,
				CD226CC11B578ED9006897BE /* Images.xcassets in Resources */,
			);
			runOnlyForDeploymentPostprocessing = 0;
		};
		CD226CC71B578ED9006897BE /* Resources */ = {
			isa = PBXResourcesBuildPhase;
			buildActionMask = 2147483647;
			files = (
			);
			runOnlyForDeploymentPostprocessing = 0;
		};
/* End PBXResourcesBuildPhase section */

/* Begin PBXSourcesBuildPhase section */
		CD226CB01B578ED9006897BE /* Sources */ = {
			isa = PBXSourcesBuildPhase;
			buildActionMask = 2147483647;
			files = (
				CD226CBC1B578ED9006897BE /* ViewController.swift in Sources */,
				CD226CBA1B578ED9006897BE /* AppDelegate.swift in Sources */,
			);
			runOnlyForDeploymentPostprocessing = 0;
		};
		CD226CC51B578ED9006897BE /* Sources */ = {
			isa = PBXSourcesBuildPhase;
			buildActionMask = 2147483647;
			files = (
				CD226CD01B578ED9006897BE /* ViewSegueTestTests.swift in Sources */,
			);
			runOnlyForDeploymentPostprocessing = 0;
		};
/* End PBXSourcesBuildPhase section */

/* Begin PBXTargetDependency section */
		CD226CCB1B578ED9006897BE /* PBXTargetDependency */ = {
			isa = PBXTargetDependency;
			target = CD226CB31B578ED9006897BE /* ViewSegueTest */;
			targetProxy = CD226CCA1B578ED9006897BE /* PBXContainerItemProxy */;
		};
/* End PBXTargetDependency section */

/* Begin PBXVariantGroup section */
		CD226CBD1B578ED9006897BE /* Main.storyboard */ = {
			isa = PBXVariantGroup;
			children = (
				CD226CBE1B578ED9006897BE /* Base */,
			);
			name = Main.storyboard;
			sourceTree = "<group>";
		};
		CD226CC21B578ED9006897BE /* LaunchScreen.xib */ = {
			isa = PBXVariantGroup;
			children = (
				CD226CC31B578ED9006897BE /* Base */,
			);
			name = LaunchScreen.xib;
			sourceTree = "<group>";
		};
/* End PBXVariantGroup section */

/* Begin XCBuildConfiguration section */
		CD226CD11B578ED9006897BE /* Debug */ = {
			isa = XCBuildConfiguration;
			buildSettings = {
				ALWAYS_SEARCH_USER_PATHS = NO;
				CLANG_CXX_LANGUAGE_STANDARD = "gnu++0x";
				CLANG_CXX_LIBRARY = "libc++";
				CLANG_ENABLE_MODULES = YES;
				CLANG_ENABLE_OBJC_ARC = YES;
				CLANG_WARN_BOOL_CONVERSION = YES;
				CLANG_WARN_CONSTANT_CONVERSION = YES;
				CLANG_WARN_DIRECT_OBJC_ISA_USAGE = YES_ERROR;
				CLANG_WARN_EMPTY_BODY = YES;
				CLANG_WARN_ENUM_CONVERSION = YES;
				CLANG_WARN_INT_CONVERSION = YES;
				CLANG_WARN_OBJC_ROOT_CLASS = YES_ERROR;
				CLANG_WARN_UNREACHABLE_CODE = YES;
				CLANG_WARN__DUPLICATE_METHOD_MATCH = YES;
				"CODE_SIGN_IDENTITY[sdk=iphoneos*]" = "iPhone Developer";
				COPY_PHASE_STRIP = NO;
				DEBUG_INFORMATION_FORMAT = "dwarf-with-dsym";
				ENABLE_STRICT_OBJC_MSGSEND = YES;
				GCC_C_LANGUAGE_STANDARD = gnu99;
				GCC_DYNAMIC_NO_PIC = NO;
				GCC_NO_COMMON_BLOCKS = YES;
				GCC_OPTIMIZATION_LEVEL = 0;
				GCC_PREPROCESSOR_DEFINITIONS = (
					"DEBUG=1",
					"$(inherited)",
				);
				GCC_SYMBOLS_PRIVATE_EXTERN = NO;
				GCC_WARN_64_TO_32_BIT_CONVERSION = YES;
				GCC_WARN_ABOUT_RETURN_TYPE = YES_ERROR;
				GCC_WARN_UNDECLARED_SELECTOR = YES;
				GCC_WARN_UNINITIALIZED_AUTOS = YES_AGGRESSIVE;
				GCC_WARN_UNUSED_FUNCTION = YES;
				GCC_WARN_UNUSED_VARIABLE = YES;
				IPHONEOS_DEPLOYMENT_TARGET = 8.4;
				MTL_ENABLE_DEBUG_INFO = YES;
				ONLY_ACTIVE_ARCH = YES;
				SDKROOT = iphoneos;
				SWIFT_OPTIMIZATION_LEVEL = "-Onone";
			};
			name = Debug;
		};
		CD226CD21B578ED9006897BE /* Release */ = {
			isa = XCBuildConfiguration;
			buildSettings = {
				ALWAYS_SEARCH_USER_PATHS = NO;
				CLANG_CXX_LANGUAGE_STANDARD = "gnu++0x";
				CLANG_CXX_LIBRARY = "libc++";
				CLANG_ENABLE_MODULES = YES;
				CLANG_ENABLE_OBJC_ARC = YES;
				CLANG_WARN_BOOL_CONVERSION = YES;
				CLANG_WARN_CONSTANT_CONVERSION = YES;
				CLANG_WARN_DIRECT_OBJC_ISA_USAGE = YES_ERROR;
				CLANG_WARN_EMPTY_BODY = YES;
				CLANG_WARN_ENUM_CONVERSION = YES;
				CLANG_WARN_INT_CONVERSION = YES;
				CLANG_WARN_OBJC_ROOT_CLASS = YES_ERROR;
				CLANG_WARN_UNREACHABLE_CODE = YES;
				CLANG_WARN__DUPLICATE_METHOD_MATCH = YES;
				"CODE_SIGN_IDENTITY[sdk=iphoneos*]" = "iPhone Developer";
				COPY_PHASE_STRIP = NO;
				DEBUG_INFORMATION_FORMAT = "dwarf-with-dsym";
				ENABLE_NS_ASSERTIONS = NO;
				ENABLE_STRICT_OBJC_MSGSEND = YES;
				GCC_C_LANGUAGE_STANDARD = gnu99;
				GCC_NO_COMMON_BLOCKS = YES;
				GCC_WARN_64_TO_32_BIT_CONVERSION = YES;
				GCC_WARN_ABOUT_RETURN_TYPE = YES_ERROR;
				GCC_WARN_UNDECLARED_SELECTOR = YES;
				GCC_WARN_UNINITIALIZED_AUTOS = YES_AGGRESSIVE;
				GCC_WARN_UNUSED_FUNCTION = YES;
				GCC_WARN_UNUSED_VARIABLE = YES;
				IPHONEOS_DEPLOYMENT_TARGET = 8.4;
				MTL_ENABLE_DEBUG_INFO = NO;
				SDKROOT = iphoneos;
				VALIDATE_PRODUCT = YES;
			};
			name = Release;
		};
		CD226CD41B578ED9006897BE /* Debug */ = {
			isa = XCBuildConfiguration;
			buildSettings = {
				ASSETCATALOG_COMPILER_APPICON_NAME = AppIcon;
				INFOPLIST_FILE = ViewSegueTest/Info.plist;
				LD_RUNPATH_SEARCH_PATHS = "$(inherited) @executable_path/Frameworks";
				PRODUCT_NAME = "$(TARGET_NAME)";
			};
			name = Debug;
		};
		CD226CD51B578ED9006897BE /* Release */ = {
			isa = XCBuildConfiguration;
			buildSettings = {
				ASSETCATALOG_COMPILER_APPICON_NAME = AppIcon;
				INFOPLIST_FILE = ViewSegueTest/Info.plist;
				LD_RUNPATH_SEARCH_PATHS = "$(inherited) @executable_path/Frameworks";
				PRODUCT_NAME = "$(TARGET_NAME)";
			};
			name = Release;
		};
		CD226CD71B578ED9006897BE /* Debug */ = {
			isa = XCBuildConfiguration;
			buildSettings = {
				BUNDLE_LOADER = "$(TEST_HOST)";
				FRAMEWORK_SEARCH_PATHS = (
					"$(SDKROOT)/Developer/Library/Frameworks",
					"$(inherited)",
				);
				GCC_PREPROCESSOR_DEFINITIONS = (
					"DEBUG=1",
					"$(inherited)",
				);
				INFOPLIST_FILE = ViewSegueTestTests/Info.plist;
				LD_RUNPATH_SEARCH_PATHS = "$(inherited) @executable_path/Frameworks @loader_path/Frameworks";
				PRODUCT_NAME = "$(TARGET_NAME)";
				TEST_HOST = "$(BUILT_PRODUCTS_DIR)/ViewSegueTest.app/ViewSegueTest";
			};
			name = Debug;
		};
		CD226CD81B578ED9006897BE /* Release */ = {
			isa = XCBuildConfiguration;
			buildSettings = {
				BUNDLE_LOADER = "$(TEST_HOST)";
				FRAMEWORK_SEARCH_PATHS = (
					"$(SDKROOT)/Developer/Library/Frameworks",
					"$(inherited)",
				);
				INFOPLIST_FILE = ViewSegueTestTests/Info.plist;
				LD_RUNPATH_SEARCH_PATHS = "$(inherited) @executable_path/Frameworks @loader_path/Frameworks";
				PRODUCT_NAME = "$(TARGET_NAME)";
				TEST_HOST = "$(BUILT_PRODUCTS_DIR)/ViewSegueTest.app/ViewSegueTest";
			};
			name = Release;
		};
/* End XCBuildConfiguration section */

/* Begin XCConfigurationList section */
		CD226CAF1B578ED9006897BE /* Build configuration list for PBXProject "ViewSegueTest" */ = {
			isa = XCConfigurationList;
			buildConfigurations = (
				CD226CD11B578ED9006897BE /* Debug */,
				CD226CD21B578ED9006897BE /* Release */,
			);
			defaultConfigurationIsVisible = 0;
			defaultConfigurationName = Release;
		};
		CD226CD31B578ED9006897BE /* Build configuration list for PBXNativeTarget "ViewSegueTest" */ = {
			isa = XCConfigurationList;
			buildConfigurations = (
				CD226CD41B578ED9006897BE /* Debug */,
				CD226CD51B578ED9006897BE /* Release */,
			);
			defaultConfigurationIsVisible = 0;
		};
		CD226CD61B578ED9006897BE /* Build configuration list for PBXNativeTarget "ViewSegueTestTests" */ = {
			isa = XCConfigurationList;
			buildConfigurations = (
				CD226CD71B578ED9006897BE /* Debug */,
				CD226CD81B578ED9006897BE /* Release */,
			);
			defaultConfigurationIsVisible = 0;
		};
/* End XCConfigurationList section */
	};
	rootObject = CD226CAC1B578ED9006897BE /* Project object */;
}
